dependencies:
- name: rudzbank-common
  repository: file://../../rudzbank-common
  version: 0.1.0
- name: configserver
  repository: file://../../rudzbank-services/configserver
  version: 0.1.0
- name: accounts
  repository: file://../../rudzbank-services/accounts
  version: 0.1.0
- name: cards
  repository: file://../../rudzbank-services/cards
  version: 0.1.0
- name: loans
  repository: file://../../rudzbank-services/loans
  version: 0.1.0
- name: gatewayserver
  repository: file://../../rudzbank-services/gatewayserver
  version: 0.1.0
- name: message
  repository: file://../../rudzbank-services/message
  version: 0.1.0
digest: sha256:7190bed170ac59ff7d67fcf1f6af26f2f50400158c1e09beafd6e235fd310f9a
generated: "2024-06-14T10:36:51.614815+02:00"
