dependencies:
- name: rudzbank-common
  repository: file://../../rudzbank-common
  version: 0.1.0
- name: configserver
  repository: file://../../rudzbank-services/configserver
  version: 0.1.0
- name: eurekaserver
  repository: file://../../rudzbank-services/eurekaserver
  version: 0.1.0
- name: accounts
  repository: file://../../rudzbank-services/accounts
  version: 0.1.0
- name: cards
  repository: file://../../rudzbank-services/cards
  version: 0.1.0
- name: loans
  repository: file://../../rudzbank-services/loans
  version: 0.1.0
- name: gatewayserver
  repository: file://../../rudzbank-services/gatewayserver
  version: 0.1.0
- name: message
  repository: file://../../rudzbank-services/message
  version: 0.1.0
digest: sha256:df71560eb7b63f37193211a809283d37e92bf5ae562eea4b6d828834b92ef16c
generated: "2024-06-12T22:28:00.82895+02:00"
